{
  "version": 4,
  "terraform_version": "0.12.0",
  "serial": 3,
  "lineage": "d90b3328-303a-f108-4942-f2731c56ef59",
  "outputs": {},
  "resources": [
    {
      "mode": "managed",
      "type": "aws_instance",
      "name": "example",
      "provider": "provider.aws",
      "instances": [
        {
          "schema_version": 1,
          "attributes": {
            "ami": "ami-0e7e244dcf61f05bd",
            "arn": "arn:aws:ec2:ap-south-1:074394239551:instance/i-01502dd2568b9c98f",
            "associate_public_ip_address": true,
            "availability_zone": "ap-south-1b",
            "cpu_core_count": 1,
            "cpu_threads_per_core": 1,
            "credit_specification": [
              {
                "cpu_credits": "standard"
              }
            ],
            "disable_api_termination": false,
            "ebs_block_device": [],
            "ebs_optimized": false,
            "ephemeral_block_device": [],
            "get_password_data": false,
            "host_id": null,
            "iam_instance_profile": "",
            "id": "i-01502dd2568b9c98f",
            "instance_initiated_shutdown_behavior": null,
            "instance_state": "running",
            "instance_type": "t2.micro",
            "ipv6_address_count": 0,
            "ipv6_addresses": [],
            "key_name": "Darshana-Terraform",
            "monitoring": false,
            "network_interface": [],
            "network_interface_id": null,
            "password_data": "",
            "placement_group": "",
            "primary_network_interface_id": "eni-08d4bbdadbbce8a5b",
            "private_dns": "ip-172-31-2-138.ap-south-1.compute.internal",
            "private_ip": "172.31.2.138",
            "public_dns": "ec2-13-127-38-78.ap-south-1.compute.amazonaws.com",
            "public_ip": "13.127.38.78",
            "root_block_device": [
              {
                "delete_on_termination": true,
                "iops": 100,
                "volume_id": "vol-06ac3252e361b10e3",
                "volume_size": 30,
                "volume_type": "gp2"
              }
            ],
            "security_groups": [
              "allow_rdp"
            ],
            "source_dest_check": true,
            "subnet_id": "subnet-7bd05c37",
            "tags": null,
            "tenancy": "default",
            "timeouts": null,
            "user_data": null,
            "user_data_base64": null,
            "volume_tags": {},
            "vpc_security_group_ids": [
              "sg-09a43921f40e9e74b"
            ]
          },
          "depends_on": [
            "aws_security_group.allow_rdp"
          ]
        }
      ]
    },
    {
      "mode": "managed",
      "type": "aws_security_group",
      "name": "allow_rdp",
      "provider": "provider.aws",
      "instances": [
        {
          "schema_version": 1,
          "attributes": {
            "arn": "arn:aws:ec2:ap-south-1:074394239551:security-group/sg-09a43921f40e9e74b",
            "description": "Allow rdp traffic",
            "egress": [],
            "id": "sg-09a43921f40e9e74b",
            "ingress": [
              {
                "cidr_blocks": [
                  "0.0.0.0/0"
                ],
                "description": "",
                "from_port": 3389,
                "ipv6_cidr_blocks": [],
                "prefix_list_ids": [],
                "protocol": "tcp",
                "security_groups": [],
                "self": false,
                "to_port": 3389
              }
            ],
            "name": "allow_rdp",
            "name_prefix": null,
            "owner_id": "074394239551",
            "revoke_rules_on_delete": false,
            "tags": null,
            "timeouts": null,
            "vpc_id": "vpc-f8dee890"
          }
        }
      ]
    }
  ]
}
